
Microsoft Visual Studio Solution File, Format Version 12.00
Project("{FAE04EC0-301F-11D3-BF4B-00C04F79EFBC}") = "Avalonia.ColorGenerator", "Avalonia.ColorGenerator\Avalonia.ColorGenerator.csproj", "{ED02DEAB-76CD-46AC-A17A-83897B8C908B}"
EndProject
Global
	GlobalSection(SolutionConfigurationPlatforms) = preSolution
		Debug|Any CPU = Debug|Any CPU
		Release|Any CPU = Release|Any CPU
	EndGlobalSection
	GlobalSection(ProjectConfigurationPlatforms) = postSolution
		{ED02DEAB-76CD-46AC-A17A-83897B8C908B}.Debug|Any CPU.ActiveCfg = Debug|Any CPU
		{ED02DEAB-76CD-46AC-A17A-83897B8C908B}.Debug|Any CPU.Build.0 = Debug|Any CPU
		{ED02DEAB-76CD-46AC-A17A-83897B8C908B}.Release|Any CPU.ActiveCfg = Release|Any CPU
		{ED02DEAB-76CD-46AC-A17A-83897B8C908B}.Release|Any CPU.Build.0 = Release|Any CPU
	EndGlobalSection
EndGlobal
